
Microsoft Visual Studio Solution File, Format Version 12.00
# Visual Studio Version 17
VisualStudioVersion = 17.3.32804.467
MinimumVisualStudioVersion = 10.0.40219.1
Project("{FAE04EC0-301F-11D3-BF4B-00C04F79EFBC}") = "BoxingAndUnboxingOld", "BoxingAndUnboxingOld\BoxingAndUnboxingOld.csproj", "{28BD968F-329F-465C-A04A-7FAB2470CE31}"
EndProject
Global
	GlobalSection(SolutionConfigurationPlatforms) = preSolution
		Debug|Any CPU = Debug|Any CPU
		Release|Any CPU = Release|Any CPU
	EndGlobalSection
	GlobalSection(ProjectConfigurationPlatforms) = postSolution
		{28BD968F-329F-465C-A04A-7FAB2470CE31}.Debug|Any CPU.ActiveCfg = Debug|Any CPU
		{28BD968F-329F-465C-A04A-7FAB2470CE31}.Debug|Any CPU.Build.0 = Debug|Any CPU
		{28BD968F-329F-465C-A04A-7FAB2470CE31}.Release|Any CPU.ActiveCfg = Release|Any CPU
		{28BD968F-329F-465C-A04A-7FAB2470CE31}.Release|Any CPU.Build.0 = Release|Any CPU
	EndGlobalSection
	GlobalSection(SolutionProperties) = preSolution
		HideSolutionNode = FALSE
	EndGlobalSection
	GlobalSection(ExtensibilityGlobals) = postSolution
		SolutionGuid = {07915F00-8F9E-4F15-8D38-3551DE6A4568}
	EndGlobalSection
EndGlobal
